
Microsoft Visual Studio Solution File, Format Version 12.00
# Visual Studio Version 17
VisualStudioVersion = 17.2.32630.192
MinimumVisualStudioVersion = 10.0.40219.1
Project("{D954291E-2A0B-460D-934E-DC6B0785DB48}") = "Content.Shared", "Blade.MG.UI.Examples\Content.Shared\Content.Shared.shproj", "{FB798430-5211-4B9B-B59A-C2FDE47466F3}"
EndProject
Project("{2150E333-8FDC-42A3-9474-1A3956D46DE8}") = "Platforms", "Platforms", "{AE79B456-EA0C-42A7-9DA9-0DA4FD3D8239}"
EndProject
Project("{9A19103F-16F7-4668-BE54-9A1E7A4F7556}") = "Examples.DesktopGL", "Blade.MG.UI.Examples\Examples.DesktopGL\Examples.DesktopGL.csproj", "{816E2DF1-8C9A-4FAE-BA2B-3217C99B554C}"
EndProject
Project("{9A19103F-16F7-4668-BE54-9A1E7A4F7556}") = "Examples.Game", "Blade.MG.UI.Examples\GameStudio\Examples.Game.csproj", "{F5BD5D86-FAA2-4CEC-89F6-A3DAAABD76AF}"
EndProject
Project("{2150E333-8FDC-42A3-9474-1A3956D46DE8}") = "Libraries", "Libraries", "{C16790C6-A9AA-4071-98D4-67C4F9ECAE1C}"
EndProject
Project("{9A19103F-16F7-4668-BE54-9A1E7A4F7556}") = "Blade.MG.UI", "Blade.MG.UI\Blade.MG.UI.csproj", "{75DB46FA-E6DB-4515-97E4-4036675BAF80}"
EndProject
Project("{9A19103F-16F7-4668-BE54-9A1E7A4F7556}") = "Examples.Android", "Blade.MG.UI.Examples\Examples.Android\Examples.Android.csproj", "{00308898-4A17-421F-B2DF-346CEEFF2406}"
EndProject
Project("{FAE04EC0-301F-11D3-BF4B-00C04F79EFBC}") = "Blade.MG.Core", "..\..\Blade.MonoGame.Core\Source\Blade.MG.Core\Blade.MG.Core.csproj", "{469C6E8C-8C03-463E-8A90-CC2B8A3D9B3D}"
EndProject
Global
	GlobalSection(SolutionConfigurationPlatforms) = preSolution
		Ad-Hoc|Any CPU = Ad-Hoc|Any CPU
		Ad-Hoc|ARM = Ad-Hoc|ARM
		Ad-Hoc|iPhone = Ad-Hoc|iPhone
		Ad-Hoc|iPhoneSimulator = Ad-Hoc|iPhoneSimulator
		Ad-Hoc|x64 = Ad-Hoc|x64
		Ad-Hoc|x86 = Ad-Hoc|x86
		AppStore|Any CPU = AppStore|Any CPU
		AppStore|ARM = AppStore|ARM
		AppStore|iPhone = AppStore|iPhone
		AppStore|iPhoneSimulator = AppStore|iPhoneSimulator
		AppStore|x64 = AppStore|x64
		AppStore|x86 = AppStore|x86
		Debug|Any CPU = Debug|Any CPU
		Debug|ARM = Debug|ARM
		Debug|iPhone = Debug|iPhone
		Debug|iPhoneSimulator = Debug|iPhoneSimulator
		Debug|x64 = Debug|x64
		Debug|x86 = Debug|x86
		iOS Release|Any CPU = iOS Release|Any CPU
		iOS Release|ARM = iOS Release|ARM
		iOS Release|iPhone = iOS Release|iPhone
		iOS Release|iPhoneSimulator = iOS Release|iPhoneSimulator
		iOS Release|x64 = iOS Release|x64
		iOS Release|x86 = iOS Release|x86
		Release|Any CPU = Release|Any CPU
		Release|ARM = Release|ARM
		Release|iPhone = Release|iPhone
		Release|iPhoneSimulator = Release|iPhoneSimulator
		Release|x64 = Release|x64
		Release|x86 = Release|x86
	EndGlobalSection
	GlobalSection(ProjectConfigurationPlatforms) = postSolution
		{816E2DF1-8C9A-4FAE-BA2B-3217C99B554C}.Ad-Hoc|Any CPU.ActiveCfg = Debug|Any CPU
		{816E2DF1-8C9A-4FAE-BA2B-3217C99B554C}.Ad-Hoc|Any CPU.Build.0 = Debug|Any CPU
		{816E2DF1-8C9A-4FAE-BA2B-3217C99B554C}.Ad-Hoc|ARM.ActiveCfg = Debug|Any CPU
		{816E2DF1-8C9A-4FAE-BA2B-3217C99B554C}.Ad-Hoc|ARM.Build.0 = Debug|Any CPU
		{816E2DF1-8C9A-4FAE-BA2B-3217C99B554C}.Ad-Hoc|iPhone.ActiveCfg = Debug|Any CPU
		{816E2DF1-8C9A-4FAE-BA2B-3217C99B554C}.Ad-Hoc|iPhone.Build.0 = Debug|Any CPU
		{816E2DF1-8C9A-4FAE-BA2B-3217C99B554C}.Ad-Hoc|iPhoneSimulator.ActiveCfg = Debug|Any CPU
		{816E2DF1-8C9A-4FAE-BA2B-3217C99B554C}.Ad-Hoc|iPhoneSimulator.Build.0 = Debug|Any CPU
		{816E2DF1-8C9A-4FAE-BA2B-3217C99B554C}.Ad-Hoc|x64.ActiveCfg = Debug|Any CPU
		{816E2DF1-8C9A-4FAE-BA2B-3217C99B554C}.Ad-Hoc|x64.Build.0 = Debug|Any CPU
		{816E2DF1-8C9A-4FAE-BA2B-3217C99B554C}.Ad-Hoc|x86.ActiveCfg = Debug|Any CPU
		{816E2DF1-8C9A-4FAE-BA2B-3217C99B554C}.Ad-Hoc|x86.Build.0 = Debug|Any CPU
		{816E2DF1-8C9A-4FAE-BA2B-3217C99B554C}.AppStore|Any CPU.ActiveCfg = Debug|Any CPU
		{816E2DF1-8C9A-4FAE-BA2B-3217C99B554C}.AppStore|Any CPU.Build.0 = Debug|Any CPU
		{816E2DF1-8C9A-4FAE-BA2B-3217C99B554C}.AppStore|ARM.ActiveCfg = Debug|Any CPU
		{816E2DF1-8C9A-4FAE-BA2B-3217C99B554C}.AppStore|ARM.Build.0 = Debug|Any CPU
		{816E2DF1-8C9A-4FAE-BA2B-3217C99B554C}.AppStore|iPhone.ActiveCfg = Debug|Any CPU
		{816E2DF1-8C9A-4FAE-BA2B-3217C99B554C}.AppStore|iPhone.Build.0 = Debug|Any CPU
		{816E2DF1-8C9A-4FAE-BA2B-3217C99B554C}.AppStore|iPhoneSimulator.ActiveCfg = Debug|Any CPU
		{816E2DF1-8C9A-4FAE-BA2B-3217C99B554C}.AppStore|iPhoneSimulator.Build.0 = Debug|Any CPU
		{816E2DF1-8C9A-4FAE-BA2B-3217C99B554C}.AppStore|x64.ActiveCfg = Debug|Any CPU
		{816E2DF1-8C9A-4FAE-BA2B-3217C99B554C}.AppStore|x64.Build.0 = Debug|Any CPU
		{816E2DF1-8C9A-4FAE-BA2B-3217C99B554C}.AppStore|x86.ActiveCfg = Debug|Any CPU
		{816E2DF1-8C9A-4FAE-BA2B-3217C99B554C}.AppStore|x86.Build.0 = Debug|Any CPU
		{816E2DF1-8C9A-4FAE-BA2B-3217C99B554C}.Debug|Any CPU.ActiveCfg = Debug|Any CPU
		{816E2DF1-8C9A-4FAE-BA2B-3217C99B554C}.Debug|Any CPU.Build.0 = Debug|Any CPU
		{816E2DF1-8C9A-4FAE-BA2B-3217C99B554C}.Debug|ARM.ActiveCfg = Debug|Any CPU
		{816E2DF1-8C9A-4FAE-BA2B-3217C99B554C}.Debug|ARM.Build.0 = Debug|Any CPU
		{816E2DF1-8C9A-4FAE-BA2B-3217C99B554C}.Debug|iPhone.ActiveCfg = Debug|Any CPU
		{816E2DF1-8C9A-4FAE-BA2B-3217C99B554C}.Debug|iPhone.Build.0 = Debug|Any CPU
		{816E2DF1-8C9A-4FAE-BA2B-3217C99B554C}.Debug|iPhoneSimulator.ActiveCfg = Debug|Any CPU
		{816E2DF1-8C9A-4FAE-BA2B-3217C99B554C}.Debug|iPhoneSimulator.Build.0 = Debug|Any CPU
		{816E2DF1-8C9A-4FAE-BA2B-3217C99B554C}.Debug|x64.ActiveCfg = Debug|Any CPU
		{816E2DF1-8C9A-4FAE-BA2B-3217C99B554C}.Debug|x64.Build.0 = Debug|Any CPU
		{816E2DF1-8C9A-4FAE-BA2B-3217C99B554C}.Debug|x86.ActiveCfg = Debug|Any CPU
		{816E2DF1-8C9A-4FAE-BA2B-3217C99B554C}.Debug|x86.Build.0 = Debug|Any CPU
		{816E2DF1-8C9A-4FAE-BA2B-3217C99B554C}.iOS Release|Any CPU.ActiveCfg = Release|Any CPU
		{816E2DF1-8C9A-4FAE-BA2B-3217C99B554C}.iOS Release|Any CPU.Build.0 = Release|Any CPU
		{816E2DF1-8C9A-4FAE-BA2B-3217C99B554C}.iOS Release|ARM.ActiveCfg = Release|Any CPU
		{816E2DF1-8C9A-4FAE-BA2B-3217C99B554C}.iOS Release|ARM.Build.0 = Release|Any CPU
		{816E2DF1-8C9A-4FAE-BA2B-3217C99B554C}.iOS Release|iPhone.ActiveCfg = Release|Any CPU
		{816E2DF1-8C9A-4FAE-BA2B-3217C99B554C}.iOS Release|iPhone.Build.0 = Release|Any CPU
		{816E2DF1-8C9A-4FAE-BA2B-3217C99B554C}.iOS Release|iPhoneSimulator.ActiveCfg = Release|Any CPU
		{816E2DF1-8C9A-4FAE-BA2B-3217C99B554C}.iOS Release|iPhoneSimulator.Build.0 = Release|Any CPU
		{816E2DF1-8C9A-4FAE-BA2B-3217C99B554C}.iOS Release|x64.ActiveCfg = Release|Any CPU
		{816E2DF1-8C9A-4FAE-BA2B-3217C99B554C}.iOS Release|x64.Build.0 = Release|Any CPU
		{816E2DF1-8C9A-4FAE-BA2B-3217C99B554C}.iOS Release|x86.ActiveCfg = Release|Any CPU
		{816E2DF1-8C9A-4FAE-BA2B-3217C99B554C}.iOS Release|x86.Build.0 = Release|Any CPU
		{816E2DF1-8C9A-4FAE-BA2B-3217C99B554C}.Release|Any CPU.ActiveCfg = Release|Any CPU
		{816E2DF1-8C9A-4FAE-BA2B-3217C99B554C}.Release|Any CPU.Build.0 = Release|Any CPU
		{816E2DF1-8C9A-4FAE-BA2B-3217C99B554C}.Release|ARM.ActiveCfg = Release|Any CPU
		{816E2DF1-8C9A-4FAE-BA2B-3217C99B554C}.Release|ARM.Build.0 = Release|Any CPU
		{816E2DF1-8C9A-4FAE-BA2B-3217C99B554C}.Release|iPhone.ActiveCfg = Release|Any CPU
		{816E2DF1-8C9A-4FAE-BA2B-3217C99B554C}.Release|iPhone.Build.0 = Release|Any CPU
		{816E2DF1-8C9A-4FAE-BA2B-3217C99B554C}.Release|iPhoneSimulator.ActiveCfg = Release|Any CPU
		{816E2DF1-8C9A-4FAE-BA2B-3217C99B554C}.Release|iPhoneSimulator.Build.0 = Release|Any CPU
		{816E2DF1-8C9A-4FAE-BA2B-3217C99B554C}.Release|x64.ActiveCfg = Release|Any CPU
		{816E2DF1-8C9A-4FAE-BA2B-3217C99B554C}.Release|x64.Build.0 = Release|Any CPU
		{816E2DF1-8C9A-4FAE-BA2B-3217C99B554C}.Release|x86.ActiveCfg = Release|Any CPU
		{816E2DF1-8C9A-4FAE-BA2B-3217C99B554C}.Release|x86.Build.0 = Release|Any CPU
		{F5BD5D86-FAA2-4CEC-89F6-A3DAAABD76AF}.Ad-Hoc|Any CPU.ActiveCfg = Debug|Any CPU
		{F5BD5D86-FAA2-4CEC-89F6-A3DAAABD76AF}.Ad-Hoc|Any CPU.Build.0 = Debug|Any CPU
		{F5BD5D86-FAA2-4CEC-89F6-A3DAAABD76AF}.Ad-Hoc|ARM.ActiveCfg = Debug|Any CPU
		{F5BD5D86-FAA2-4CEC-89F6-A3DAAABD76AF}.Ad-Hoc|ARM.Build.0 = Debug|Any CPU
		{F5BD5D86-FAA2-4CEC-89F6-A3DAAABD76AF}.Ad-Hoc|iPhone.ActiveCfg = Debug|Any CPU
		{F5BD5D86-FAA2-4CEC-89F6-A3DAAABD76AF}.Ad-Hoc|iPhone.Build.0 = Debug|Any CPU
		{F5BD5D86-FAA2-4CEC-89F6-A3DAAABD76AF}.Ad-Hoc|iPhoneSimulator.ActiveCfg = Debug|Any CPU
		{F5BD5D86-FAA2-4CEC-89F6-A3DAAABD76AF}.Ad-Hoc|iPhoneSimulator.Build.0 = Debug|Any CPU
		{F5BD5D86-FAA2-4CEC-89F6-A3DAAABD76AF}.Ad-Hoc|x64.ActiveCfg = Debug|Any CPU
		{F5BD5D86-FAA2-4CEC-89F6-A3DAAABD76AF}.Ad-Hoc|x64.Build.0 = Debug|Any CPU
		{F5BD5D86-FAA2-4CEC-89F6-A3DAAABD76AF}.Ad-Hoc|x86.ActiveCfg = Debug|Any CPU
		{F5BD5D86-FAA2-4CEC-89F6-A3DAAABD76AF}.Ad-Hoc|x86.Build.0 = Debug|Any CPU
		{F5BD5D86-FAA2-4CEC-89F6-A3DAAABD76AF}.AppStore|Any CPU.ActiveCfg = Debug|Any CPU
		{F5BD5D86-FAA2-4CEC-89F6-A3DAAABD76AF}.AppStore|Any CPU.Build.0 = Debug|Any CPU
		{F5BD5D86-FAA2-4CEC-89F6-A3DAAABD76AF}.AppStore|ARM.ActiveCfg = Debug|Any CPU
		{F5BD5D86-FAA2-4CEC-89F6-A3DAAABD76AF}.AppStore|ARM.Build.0 = Debug|Any CPU
		{F5BD5D86-FAA2-4CEC-89F6-A3DAAABD76AF}.AppStore|iPhone.ActiveCfg = Debug|Any CPU
		{F5BD5D86-FAA2-4CEC-89F6-A3DAAABD76AF}.AppStore|iPhone.Build.0 = Debug|Any CPU
		{F5BD5D86-FAA2-4CEC-89F6-A3DAAABD76AF}.AppStore|iPhoneSimulator.ActiveCfg = Debug|Any CPU
		{F5BD5D86-FAA2-4CEC-89F6-A3DAAABD76AF}.AppStore|iPhoneSimulator.Build.0 = Debug|Any CPU
		{F5BD5D86-FAA2-4CEC-89F6-A3DAAABD76AF}.AppStore|x64.ActiveCfg = Debug|Any CPU
		{F5BD5D86-FAA2-4CEC-89F6-A3DAAABD76AF}.AppStore|x64.Build.0 = Debug|Any CPU
		{F5BD5D86-FAA2-4CEC-89F6-A3DAAABD76AF}.AppStore|x86.ActiveCfg = Debug|Any CPU
		{F5BD5D86-FAA2-4CEC-89F6-A3DAAABD76AF}.AppStore|x86.Build.0 = Debug|Any CPU
		{F5BD5D86-FAA2-4CEC-89F6-A3DAAABD76AF}.Debug|Any CPU.ActiveCfg = Debug|Any CPU
		{F5BD5D86-FAA2-4CEC-89F6-A3DAAABD76AF}.Debug|Any CPU.Build.0 = Debug|Any CPU
		{F5BD5D86-FAA2-4CEC-89F6-A3DAAABD76AF}.Debug|ARM.ActiveCfg = Debug|Any CPU
		{F5BD5D86-FAA2-4CEC-89F6-A3DAAABD76AF}.Debug|ARM.Build.0 = Debug|Any CPU
		{F5BD5D86-FAA2-4CEC-89F6-A3DAAABD76AF}.Debug|iPhone.ActiveCfg = Debug|Any CPU
		{F5BD5D86-FAA2-4CEC-89F6-A3DAAABD76AF}.Debug|iPhone.Build.0 = Debug|Any CPU
		{F5BD5D86-FAA2-4CEC-89F6-A3DAAABD76AF}.Debug|iPhoneSimulator.ActiveCfg = Debug|Any CPU
		{F5BD5D86-FAA2-4CEC-89F6-A3DAAABD76AF}.Debug|iPhoneSimulator.Build.0 = Debug|Any CPU
		{F5BD5D86-FAA2-4CEC-89F6-A3DAAABD76AF}.Debug|x64.ActiveCfg = Debug|Any CPU
		{F5BD5D86-FAA2-4CEC-89F6-A3DAAABD76AF}.Debug|x64.Build.0 = Debug|Any CPU
		{F5BD5D86-FAA2-4CEC-89F6-A3DAAABD76AF}.Debug|x86.ActiveCfg = Debug|Any CPU
		{F5BD5D86-FAA2-4CEC-89F6-A3DAAABD76AF}.Debug|x86.Build.0 = Debug|Any CPU
		{F5BD5D86-FAA2-4CEC-89F6-A3DAAABD76AF}.iOS Release|Any CPU.ActiveCfg = Release|Any CPU
		{F5BD5D86-FAA2-4CEC-89F6-A3DAAABD76AF}.iOS Release|Any CPU.Build.0 = Release|Any CPU
		{F5BD5D86-FAA2-4CEC-89F6-A3DAAABD76AF}.iOS Release|ARM.ActiveCfg = Release|Any CPU
		{F5BD5D86-FAA2-4CEC-89F6-A3DAAABD76AF}.iOS Release|ARM.Build.0 = Release|Any CPU
		{F5BD5D86-FAA2-4CEC-89F6-A3DAAABD76AF}.iOS Release|iPhone.ActiveCfg = Release|Any CPU
		{F5BD5D86-FAA2-4CEC-89F6-A3DAAABD76AF}.iOS Release|iPhone.Build.0 = Release|Any CPU
		{F5BD5D86-FAA2-4CEC-89F6-A3DAAABD76AF}.iOS Release|iPhoneSimulator.ActiveCfg = Release|Any CPU
		{F5BD5D86-FAA2-4CEC-89F6-A3DAAABD76AF}.iOS Release|iPhoneSimulator.Build.0 = Release|Any CPU
		{F5BD5D86-FAA2-4CEC-89F6-A3DAAABD76AF}.iOS Release|x64.ActiveCfg = Release|Any CPU
		{F5BD5D86-FAA2-4CEC-89F6-A3DAAABD76AF}.iOS Release|x64.Build.0 = Release|Any CPU
		{F5BD5D86-FAA2-4CEC-89F6-A3DAAABD76AF}.iOS Release|x86.ActiveCfg = Release|Any CPU
		{F5BD5D86-FAA2-4CEC-89F6-A3DAAABD76AF}.iOS Release|x86.Build.0 = Release|Any CPU
		{F5BD5D86-FAA2-4CEC-89F6-A3DAAABD76AF}.Release|Any CPU.ActiveCfg = Release|Any CPU
		{F5BD5D86-FAA2-4CEC-89F6-A3DAAABD76AF}.Release|Any CPU.Build.0 = Release|Any CPU
		{F5BD5D86-FAA2-4CEC-89F6-A3DAAABD76AF}.Release|ARM.ActiveCfg = Release|Any CPU
		{F5BD5D86-FAA2-4CEC-89F6-A3DAAABD76AF}.Release|ARM.Build.0 = Release|Any CPU
		{F5BD5D86-FAA2-4CEC-89F6-A3DAAABD76AF}.Release|iPhone.ActiveCfg = Release|Any CPU
		{F5BD5D86-FAA2-4CEC-89F6-A3DAAABD76AF}.Release|iPhone.Build.0 = Release|Any CPU
		{F5BD5D86-FAA2-4CEC-89F6-A3DAAABD76AF}.Release|iPhoneSimulator.ActiveCfg = Release|Any CPU
		{F5BD5D86-FAA2-4CEC-89F6-A3DAAABD76AF}.Release|iPhoneSimulator.Build.0 = Release|Any CPU
		{F5BD5D86-FAA2-4CEC-89F6-A3DAAABD76AF}.Release|x64.ActiveCfg = Release|Any CPU
		{F5BD5D86-FAA2-4CEC-89F6-A3DAAABD76AF}.Release|x64.Build.0 = Release|Any CPU
		{F5BD5D86-FAA2-4CEC-89F6-A3DAAABD76AF}.Release|x86.ActiveCfg = Release|Any CPU
		{F5BD5D86-FAA2-4CEC-89F6-A3DAAABD76AF}.Release|x86.Build.0 = Release|Any CPU
		{75DB46FA-E6DB-4515-97E4-4036675BAF80}.Ad-Hoc|Any CPU.ActiveCfg = Debug|Any CPU
		{75DB46FA-E6DB-4515-97E4-4036675BAF80}.Ad-Hoc|Any CPU.Build.0 = Debug|Any CPU
		{75DB46FA-E6DB-4515-97E4-4036675BAF80}.Ad-Hoc|ARM.ActiveCfg = Debug|Any CPU
		{75DB46FA-E6DB-4515-97E4-4036675BAF80}.Ad-Hoc|ARM.Build.0 = Debug|Any CPU
		{75DB46FA-E6DB-4515-97E4-4036675BAF80}.Ad-Hoc|iPhone.ActiveCfg = Debug|Any CPU
		{75DB46FA-E6DB-4515-97E4-4036675BAF80}.Ad-Hoc|iPhone.Build.0 = Debug|Any CPU
		{75DB46FA-E6DB-4515-97E4-4036675BAF80}.Ad-Hoc|iPhoneSimulator.ActiveCfg = Debug|Any CPU
		{75DB46FA-E6DB-4515-97E4-4036675BAF80}.Ad-Hoc|iPhoneSimulator.Build.0 = Debug|Any CPU
		{75DB46FA-E6DB-4515-97E4-4036675BAF80}.Ad-Hoc|x64.ActiveCfg = Debug|Any CPU
		{75DB46FA-E6DB-4515-97E4-4036675BAF80}.Ad-Hoc|x64.Build.0 = Debug|Any CPU
		{75DB46FA-E6DB-4515-97E4-4036675BAF80}.Ad-Hoc|x86.ActiveCfg = Debug|Any CPU
		{75DB46FA-E6DB-4515-97E4-4036675BAF80}.Ad-Hoc|x86.Build.0 = Debug|Any CPU
		{75DB46FA-E6DB-4515-97E4-4036675BAF80}.AppStore|Any CPU.ActiveCfg = Debug|Any CPU
		{75DB46FA-E6DB-4515-97E4-4036675BAF80}.AppStore|Any CPU.Build.0 = Debug|Any CPU
		{75DB46FA-E6DB-4515-97E4-4036675BAF80}.AppStore|ARM.ActiveCfg = Debug|Any CPU
		{75DB46FA-E6DB-4515-97E4-4036675BAF80}.AppStore|ARM.Build.0 = Debug|Any CPU
		{75DB46FA-E6DB-4515-97E4-4036675BAF80}.AppStore|iPhone.ActiveCfg = Debug|Any CPU
		{75DB46FA-E6DB-4515-97E4-4036675BAF80}.AppStore|iPhone.Build.0 = Debug|Any CPU
		{75DB46FA-E6DB-4515-97E4-4036675BAF80}.AppStore|iPhoneSimulator.ActiveCfg = Debug|Any CPU
		{75DB46FA-E6DB-4515-97E4-4036675BAF80}.AppStore|iPhoneSimulator.Build.0 = Debug|Any CPU
		{75DB46FA-E6DB-4515-97E4-4036675BAF80}.AppStore|x64.ActiveCfg = Debug|Any CPU
		{75DB46FA-E6DB-4515-97E4-4036675BAF80}.AppStore|x64.Build.0 = Debug|Any CPU
		{75DB46FA-E6DB-4515-97E4-4036675BAF80}.AppStore|x86.ActiveCfg = Debug|Any CPU
		{75DB46FA-E6DB-4515-97E4-4036675BAF80}.AppStore|x86.Build.0 = Debug|Any CPU
		{75DB46FA-E6DB-4515-97E4-4036675BAF80}.Debug|Any CPU.ActiveCfg = Debug|Any CPU
		{75DB46FA-E6DB-4515-97E4-4036675BAF80}.Debug|Any CPU.Build.0 = Debug|Any CPU
		{75DB46FA-E6DB-4515-97E4-4036675BAF80}.Debug|ARM.ActiveCfg = Debug|Any CPU
		{75DB46FA-E6DB-4515-97E4-4036675BAF80}.Debug|ARM.Build.0 = Debug|Any CPU
		{75DB46FA-E6DB-4515-97E4-4036675BAF80}.Debug|iPhone.ActiveCfg = Debug|Any CPU
		{75DB46FA-E6DB-4515-97E4-4036675BAF80}.Debug|iPhone.Build.0 = Debug|Any CPU
		{75DB46FA-E6DB-4515-97E4-4036675BAF80}.Debug|iPhoneSimulator.ActiveCfg = Debug|Any CPU
		{75DB46FA-E6DB-4515-97E4-4036675BAF80}.Debug|iPhoneSimulator.Build.0 = Debug|Any CPU
		{75DB46FA-E6DB-4515-97E4-4036675BAF80}.Debug|x64.ActiveCfg = Debug|Any CPU
		{75DB46FA-E6DB-4515-97E4-4036675BAF80}.Debug|x64.Build.0 = Debug|Any CPU
		{75DB46FA-E6DB-4515-97E4-4036675BAF80}.Debug|x86.ActiveCfg = Debug|Any CPU
		{75DB46FA-E6DB-4515-97E4-4036675BAF80}.Debug|x86.Build.0 = Debug|Any CPU
		{75DB46FA-E6DB-4515-97E4-4036675BAF80}.iOS Release|Any CPU.ActiveCfg = Release|Any CPU
		{75DB46FA-E6DB-4515-97E4-4036675BAF80}.iOS Release|Any CPU.Build.0 = Release|Any CPU
		{75DB46FA-E6DB-4515-97E4-4036675BAF80}.iOS Release|ARM.ActiveCfg = Release|Any CPU
		{75DB46FA-E6DB-4515-97E4-4036675BAF80}.iOS Release|ARM.Build.0 = Release|Any CPU
		{75DB46FA-E6DB-4515-97E4-4036675BAF80}.iOS Release|iPhone.ActiveCfg = Release|Any CPU
		{75DB46FA-E6DB-4515-97E4-4036675BAF80}.iOS Release|iPhone.Build.0 = Release|Any CPU
		{75DB46FA-E6DB-4515-97E4-4036675BAF80}.iOS Release|iPhoneSimulator.ActiveCfg = Release|Any CPU
		{75DB46FA-E6DB-4515-97E4-4036675BAF80}.iOS Release|iPhoneSimulator.Build.0 = Release|Any CPU
		{75DB46FA-E6DB-4515-97E4-4036675BAF80}.iOS Release|x64.ActiveCfg = Release|Any CPU
		{75DB46FA-E6DB-4515-97E4-4036675BAF80}.iOS Release|x64.Build.0 = Release|Any CPU
		{75DB46FA-E6DB-4515-97E4-4036675BAF80}.iOS Release|x86.ActiveCfg = Release|Any CPU
		{75DB46FA-E6DB-4515-97E4-4036675BAF80}.iOS Release|x86.Build.0 = Release|Any CPU
		{75DB46FA-E6DB-4515-97E4-4036675BAF80}.Release|Any CPU.ActiveCfg = Release|Any CPU
		{75DB46FA-E6DB-4515-97E4-4036675BAF80}.Release|Any CPU.Build.0 = Release|Any CPU
		{75DB46FA-E6DB-4515-97E4-4036675BAF80}.Release|ARM.ActiveCfg = Release|Any CPU
		{75DB46FA-E6DB-4515-97E4-4036675BAF80}.Release|ARM.Build.0 = Release|Any CPU
		{75DB46FA-E6DB-4515-97E4-4036675BAF80}.Release|iPhone.ActiveCfg = Release|Any CPU
		{75DB46FA-E6DB-4515-97E4-4036675BAF80}.Release|iPhone.Build.0 = Release|Any CPU
		{75DB46FA-E6DB-4515-97E4-4036675BAF80}.Release|iPhoneSimulator.ActiveCfg = Release|Any CPU
		{75DB46FA-E6DB-4515-97E4-4036675BAF80}.Release|iPhoneSimulator.Build.0 = Release|Any CPU
		{75DB46FA-E6DB-4515-97E4-4036675BAF80}.Release|x64.ActiveCfg = Release|Any CPU
		{75DB46FA-E6DB-4515-97E4-4036675BAF80}.Release|x64.Build.0 = Release|Any CPU
		{75DB46FA-E6DB-4515-97E4-4036675BAF80}.Release|x86.ActiveCfg = Release|Any CPU
		{75DB46FA-E6DB-4515-97E4-4036675BAF80}.Release|x86.Build.0 = Release|Any CPU
		{00308898-4A17-421F-B2DF-346CEEFF2406}.Ad-Hoc|Any CPU.ActiveCfg = Debug|Any CPU
		{00308898-4A17-421F-B2DF-346CEEFF2406}.Ad-Hoc|Any CPU.Build.0 = Debug|Any CPU
		{00308898-4A17-421F-B2DF-346CEEFF2406}.Ad-Hoc|Any CPU.Deploy.0 = Debug|Any CPU
		{00308898-4A17-421F-B2DF-346CEEFF2406}.Ad-Hoc|ARM.ActiveCfg = Debug|Any CPU
		{00308898-4A17-421F-B2DF-346CEEFF2406}.Ad-Hoc|ARM.Build.0 = Debug|Any CPU
		{00308898-4A17-421F-B2DF-346CEEFF2406}.Ad-Hoc|ARM.Deploy.0 = Debug|Any CPU
		{00308898-4A17-421F-B2DF-346CEEFF2406}.Ad-Hoc|iPhone.ActiveCfg = Debug|Any CPU
		{00308898-4A17-421F-B2DF-346CEEFF2406}.Ad-Hoc|iPhone.Build.0 = Debug|Any CPU
		{00308898-4A17-421F-B2DF-346CEEFF2406}.Ad-Hoc|iPhone.Deploy.0 = Debug|Any CPU
		{00308898-4A17-421F-B2DF-346CEEFF2406}.Ad-Hoc|iPhoneSimulator.ActiveCfg = Debug|Any CPU
		{00308898-4A17-421F-B2DF-346CEEFF2406}.Ad-Hoc|iPhoneSimulator.Build.0 = Debug|Any CPU
		{00308898-4A17-421F-B2DF-346CEEFF2406}.Ad-Hoc|iPhoneSimulator.Deploy.0 = Debug|Any CPU
		{00308898-4A17-421F-B2DF-346CEEFF2406}.Ad-Hoc|x64.ActiveCfg = Debug|Any CPU
		{00308898-4A17-421F-B2DF-346CEEFF2406}.Ad-Hoc|x64.Build.0 = Debug|Any CPU
		{00308898-4A17-421F-B2DF-346CEEFF2406}.Ad-Hoc|x64.Deploy.0 = Debug|Any CPU
		{00308898-4A17-421F-B2DF-346CEEFF2406}.Ad-Hoc|x86.ActiveCfg = Debug|Any CPU
		{00308898-4A17-421F-B2DF-346CEEFF2406}.Ad-Hoc|x86.Build.0 = Debug|Any CPU
		{00308898-4A17-421F-B2DF-346CEEFF2406}.Ad-Hoc|x86.Deploy.0 = Debug|Any CPU
		{00308898-4A17-421F-B2DF-346CEEFF2406}.AppStore|Any CPU.ActiveCfg = Debug|Any CPU
		{00308898-4A17-421F-B2DF-346CEEFF2406}.AppStore|Any CPU.Build.0 = Debug|Any CPU
		{00308898-4A17-421F-B2DF-346CEEFF2406}.AppStore|Any CPU.Deploy.0 = Debug|Any CPU
		{00308898-4A17-421F-B2DF-346CEEFF2406}.AppStore|ARM.ActiveCfg = Debug|Any CPU
		{00308898-4A17-421F-B2DF-346CEEFF2406}.AppStore|ARM.Build.0 = Debug|Any CPU
		{00308898-4A17-421F-B2DF-346CEEFF2406}.AppStore|ARM.Deploy.0 = Debug|Any CPU
		{00308898-4A17-421F-B2DF-346CEEFF2406}.AppStore|iPhone.ActiveCfg = Debug|Any CPU
		{00308898-4A17-421F-B2DF-346CEEFF2406}.AppStore|iPhone.Build.0 = Debug|Any CPU
		{00308898-4A17-421F-B2DF-346CEEFF2406}.AppStore|iPhone.Deploy.0 = Debug|Any CPU
		{00308898-4A17-421F-B2DF-346CEEFF2406}.AppStore|iPhoneSimulator.ActiveCfg = Debug|Any CPU
		{00308898-4A17-421F-B2DF-346CEEFF2406}.AppStore|iPhoneSimulator.Build.0 = Debug|Any CPU
		{00308898-4A17-421F-B2DF-346CEEFF2406}.AppStore|iPhoneSimulator.Deploy.0 = Debug|Any CPU
		{00308898-4A17-421F-B2DF-346CEEFF2406}.AppStore|x64.ActiveCfg = Debug|Any CPU
		{00308898-4A17-421F-B2DF-346CEEFF2406}.AppStore|x64.Build.0 = Debug|Any CPU
		{00308898-4A17-421F-B2DF-346CEEFF2406}.AppStore|x64.Deploy.0 = Debug|Any CPU
		{00308898-4A17-421F-B2DF-346CEEFF2406}.AppStore|x86.ActiveCfg = Debug|Any CPU
		{00308898-4A17-421F-B2DF-346CEEFF2406}.AppStore|x86.Build.0 = Debug|Any CPU
		{00308898-4A17-421F-B2DF-346CEEFF2406}.AppStore|x86.Deploy.0 = Debug|Any CPU
		{00308898-4A17-421F-B2DF-346CEEFF2406}.Debug|Any CPU.ActiveCfg = Debug|Any CPU
		{00308898-4A17-421F-B2DF-346CEEFF2406}.Debug|Any CPU.Build.0 = Debug|Any CPU
		{00308898-4A17-421F-B2DF-346CEEFF2406}.Debug|Any CPU.Deploy.0 = Debug|Any CPU
		{00308898-4A17-421F-B2DF-346CEEFF2406}.Debug|ARM.ActiveCfg = Debug|Any CPU
		{00308898-4A17-421F-B2DF-346CEEFF2406}.Debug|ARM.Build.0 = Debug|Any CPU
		{00308898-4A17-421F-B2DF-346CEEFF2406}.Debug|ARM.Deploy.0 = Debug|Any CPU
		{00308898-4A17-421F-B2DF-346CEEFF2406}.Debug|iPhone.ActiveCfg = Debug|Any CPU
		{00308898-4A17-421F-B2DF-346CEEFF2406}.Debug|iPhone.Build.0 = Debug|Any CPU
		{00308898-4A17-421F-B2DF-346CEEFF2406}.Debug|iPhone.Deploy.0 = Debug|Any CPU
		{00308898-4A17-421F-B2DF-346CEEFF2406}.Debug|iPhoneSimulator.ActiveCfg = Debug|Any CPU
		{00308898-4A17-421F-B2DF-346CEEFF2406}.Debug|iPhoneSimulator.Build.0 = Debug|Any CPU
		{00308898-4A17-421F-B2DF-346CEEFF2406}.Debug|iPhoneSimulator.Deploy.0 = Debug|Any CPU
		{00308898-4A17-421F-B2DF-346CEEFF2406}.Debug|x64.ActiveCfg = Debug|Any CPU
		{00308898-4A17-421F-B2DF-346CEEFF2406}.Debug|x64.Build.0 = Debug|Any CPU
		{00308898-4A17-421F-B2DF-346CEEFF2406}.Debug|x64.Deploy.0 = Debug|Any CPU
		{00308898-4A17-421F-B2DF-346CEEFF2406}.Debug|x86.ActiveCfg = Debug|Any CPU
		{00308898-4A17-421F-B2DF-346CEEFF2406}.Debug|x86.Build.0 = Debug|Any CPU
		{00308898-4A17-421F-B2DF-346CEEFF2406}.Debug|x86.Deploy.0 = Debug|Any CPU
		{00308898-4A17-421F-B2DF-346CEEFF2406}.iOS Release|Any CPU.ActiveCfg = Release|Any CPU
		{00308898-4A17-421F-B2DF-346CEEFF2406}.iOS Release|Any CPU.Build.0 = Release|Any CPU
		{00308898-4A17-421F-B2DF-346CEEFF2406}.iOS Release|Any CPU.Deploy.0 = Release|Any CPU
		{00308898-4A17-421F-B2DF-346CEEFF2406}.iOS Release|ARM.ActiveCfg = Release|Any CPU
		{00308898-4A17-421F-B2DF-346CEEFF2406}.iOS Release|ARM.Build.0 = Release|Any CPU
		{00308898-4A17-421F-B2DF-346CEEFF2406}.iOS Release|ARM.Deploy.0 = Release|Any CPU
		{00308898-4A17-421F-B2DF-346CEEFF2406}.iOS Release|iPhone.ActiveCfg = Release|Any CPU
		{00308898-4A17-421F-B2DF-346CEEFF2406}.iOS Release|iPhone.Build.0 = Release|Any CPU
		{00308898-4A17-421F-B2DF-346CEEFF2406}.iOS Release|iPhone.Deploy.0 = Release|Any CPU
		{00308898-4A17-421F-B2DF-346CEEFF2406}.iOS Release|iPhoneSimulator.ActiveCfg = Release|Any CPU
		{00308898-4A17-421F-B2DF-346CEEFF2406}.iOS Release|iPhoneSimulator.Build.0 = Release|Any CPU
		{00308898-4A17-421F-B2DF-346CEEFF2406}.iOS Release|iPhoneSimulator.Deploy.0 = Release|Any CPU
		{00308898-4A17-421F-B2DF-346CEEFF2406}.iOS Release|x64.ActiveCfg = Release|Any CPU
		{00308898-4A17-421F-B2DF-346CEEFF2406}.iOS Release|x64.Build.0 = Release|Any CPU
		{00308898-4A17-421F-B2DF-346CEEFF2406}.iOS Release|x64.Deploy.0 = Release|Any CPU
		{00308898-4A17-421F-B2DF-346CEEFF2406}.iOS Release|x86.ActiveCfg = Release|Any CPU
		{00308898-4A17-421F-B2DF-346CEEFF2406}.iOS Release|x86.Build.0 = Release|Any CPU
		{00308898-4A17-421F-B2DF-346CEEFF2406}.iOS Release|x86.Deploy.0 = Release|Any CPU
		{00308898-4A17-421F-B2DF-346CEEFF2406}.Release|Any CPU.ActiveCfg = Release|Any CPU
		{00308898-4A17-421F-B2DF-346CEEFF2406}.Release|Any CPU.Build.0 = Release|Any CPU
		{00308898-4A17-421F-B2DF-346CEEFF2406}.Release|Any CPU.Deploy.0 = Release|Any CPU
		{00308898-4A17-421F-B2DF-346CEEFF2406}.Release|ARM.ActiveCfg = Release|Any CPU
		{00308898-4A17-421F-B2DF-346CEEFF2406}.Release|ARM.Build.0 = Release|Any CPU
		{00308898-4A17-421F-B2DF-346CEEFF2406}.Release|ARM.Deploy.0 = Release|Any CPU
		{00308898-4A17-421F-B2DF-346CEEFF2406}.Release|iPhone.ActiveCfg = Release|Any CPU
		{00308898-4A17-421F-B2DF-346CEEFF2406}.Release|iPhone.Build.0 = Release|Any CPU
		{00308898-4A17-421F-B2DF-346CEEFF2406}.Release|iPhone.Deploy.0 = Release|Any CPU
		{00308898-4A17-421F-B2DF-346CEEFF2406}.Release|iPhoneSimulator.ActiveCfg = Release|Any CPU
		{00308898-4A17-421F-B2DF-346CEEFF2406}.Release|iPhoneSimulator.Build.0 = Release|Any CPU
		{00308898-4A17-421F-B2DF-346CEEFF2406}.Release|iPhoneSimulator.Deploy.0 = Release|Any CPU
		{00308898-4A17-421F-B2DF-346CEEFF2406}.Release|x64.ActiveCfg = Release|Any CPU
		{00308898-4A17-421F-B2DF-346CEEFF2406}.Release|x64.Build.0 = Release|Any CPU
		{00308898-4A17-421F-B2DF-346CEEFF2406}.Release|x64.Deploy.0 = Release|Any CPU
		{00308898-4A17-421F-B2DF-346CEEFF2406}.Release|x86.ActiveCfg = Release|Any CPU
		{00308898-4A17-421F-B2DF-346CEEFF2406}.Release|x86.Build.0 = Release|Any CPU
		{00308898-4A17-421F-B2DF-346CEEFF2406}.Release|x86.Deploy.0 = Release|Any CPU
		{469C6E8C-8C03-463E-8A90-CC2B8A3D9B3D}.Ad-Hoc|Any CPU.ActiveCfg = Debug|Any CPU
		{469C6E8C-8C03-463E-8A90-CC2B8A3D9B3D}.Ad-Hoc|Any CPU.Build.0 = Debug|Any CPU
		{469C6E8C-8C03-463E-8A90-CC2B8A3D9B3D}.Ad-Hoc|ARM.ActiveCfg = Debug|Any CPU
		{469C6E8C-8C03-463E-8A90-CC2B8A3D9B3D}.Ad-Hoc|ARM.Build.0 = Debug|Any CPU
		{469C6E8C-8C03-463E-8A90-CC2B8A3D9B3D}.Ad-Hoc|iPhone.ActiveCfg = Debug|Any CPU
		{469C6E8C-8C03-463E-8A90-CC2B8A3D9B3D}.Ad-Hoc|iPhone.Build.0 = Debug|Any CPU
		{469C6E8C-8C03-463E-8A90-CC2B8A3D9B3D}.Ad-Hoc|iPhoneSimulator.ActiveCfg = Debug|Any CPU
		{469C6E8C-8C03-463E-8A90-CC2B8A3D9B3D}.Ad-Hoc|iPhoneSimulator.Build.0 = Debug|Any CPU
		{469C6E8C-8C03-463E-8A90-CC2B8A3D9B3D}.Ad-Hoc|x64.ActiveCfg = Debug|Any CPU
		{469C6E8C-8C03-463E-8A90-CC2B8A3D9B3D}.Ad-Hoc|x64.Build.0 = Debug|Any CPU
		{469C6E8C-8C03-463E-8A90-CC2B8A3D9B3D}.Ad-Hoc|x86.ActiveCfg = Debug|Any CPU
		{469C6E8C-8C03-463E-8A90-CC2B8A3D9B3D}.Ad-Hoc|x86.Build.0 = Debug|Any CPU
		{469C6E8C-8C03-463E-8A90-CC2B8A3D9B3D}.AppStore|Any CPU.ActiveCfg = Debug|Any CPU
		{469C6E8C-8C03-463E-8A90-CC2B8A3D9B3D}.AppStore|Any CPU.Build.0 = Debug|Any CPU
		{469C6E8C-8C03-463E-8A90-CC2B8A3D9B3D}.AppStore|ARM.ActiveCfg = Debug|Any CPU
		{469C6E8C-8C03-463E-8A90-CC2B8A3D9B3D}.AppStore|ARM.Build.0 = Debug|Any CPU
		{469C6E8C-8C03-463E-8A90-CC2B8A3D9B3D}.AppStore|iPhone.ActiveCfg = Debug|Any CPU
		{469C6E8C-8C03-463E-8A90-CC2B8A3D9B3D}.AppStore|iPhone.Build.0 = Debug|Any CPU
		{469C6E8C-8C03-463E-8A90-CC2B8A3D9B3D}.AppStore|iPhoneSimulator.ActiveCfg = Debug|Any CPU
		{469C6E8C-8C03-463E-8A90-CC2B8A3D9B3D}.AppStore|iPhoneSimulator.Build.0 = Debug|Any CPU
		{469C6E8C-8C03-463E-8A90-CC2B8A3D9B3D}.AppStore|x64.ActiveCfg = Debug|Any CPU
		{469C6E8C-8C03-463E-8A90-CC2B8A3D9B3D}.AppStore|x64.Build.0 = Debug|Any CPU
		{469C6E8C-8C03-463E-8A90-CC2B8A3D9B3D}.AppStore|x86.ActiveCfg = Debug|Any CPU
		{469C6E8C-8C03-463E-8A90-CC2B8A3D9B3D}.AppStore|x86.Build.0 = Debug|Any CPU
		{469C6E8C-8C03-463E-8A90-CC2B8A3D9B3D}.Debug|Any CPU.ActiveCfg = Debug|Any CPU
		{469C6E8C-8C03-463E-8A90-CC2B8A3D9B3D}.Debug|Any CPU.Build.0 = Debug|Any CPU
		{469C6E8C-8C03-463E-8A90-CC2B8A3D9B3D}.Debug|ARM.ActiveCfg = Debug|Any CPU
		{469C6E8C-8C03-463E-8A90-CC2B8A3D9B3D}.Debug|ARM.Build.0 = Debug|Any CPU
		{469C6E8C-8C03-463E-8A90-CC2B8A3D9B3D}.Debug|iPhone.ActiveCfg = Debug|Any CPU
		{469C6E8C-8C03-463E-8A90-CC2B8A3D9B3D}.Debug|iPhone.Build.0 = Debug|Any CPU
		{469C6E8C-8C03-463E-8A90-CC2B8A3D9B3D}.Debug|iPhoneSimulator.ActiveCfg = Debug|Any CPU
		{469C6E8C-8C03-463E-8A90-CC2B8A3D9B3D}.Debug|iPhoneSimulator.Build.0 = Debug|Any CPU
		{469C6E8C-8C03-463E-8A90-CC2B8A3D9B3D}.Debug|x64.ActiveCfg = Debug|Any CPU
		{469C6E8C-8C03-463E-8A90-CC2B8A3D9B3D}.Debug|x64.Build.0 = Debug|Any CPU
		{469C6E8C-8C03-463E-8A90-CC2B8A3D9B3D}.Debug|x86.ActiveCfg = Debug|Any CPU
		{469C6E8C-8C03-463E-8A90-CC2B8A3D9B3D}.Debug|x86.Build.0 = Debug|Any CPU
		{469C6E8C-8C03-463E-8A90-CC2B8A3D9B3D}.iOS Release|Any CPU.ActiveCfg = Release|Any CPU
		{469C6E8C-8C03-463E-8A90-CC2B8A3D9B3D}.iOS Release|Any CPU.Build.0 = Release|Any CPU
		{469C6E8C-8C03-463E-8A90-CC2B8A3D9B3D}.iOS Release|ARM.ActiveCfg = Release|Any CPU
		{469C6E8C-8C03-463E-8A90-CC2B8A3D9B3D}.iOS Release|ARM.Build.0 = Release|Any CPU
		{469C6E8C-8C03-463E-8A90-CC2B8A3D9B3D}.iOS Release|iPhone.ActiveCfg = Release|Any CPU
		{469C6E8C-8C03-463E-8A90-CC2B8A3D9B3D}.iOS Release|iPhone.Build.0 = Release|Any CPU
		{469C6E8C-8C03-463E-8A90-CC2B8A3D9B3D}.iOS Release|iPhoneSimulator.ActiveCfg = Release|Any CPU
		{469C6E8C-8C03-463E-8A90-CC2B8A3D9B3D}.iOS Release|iPhoneSimulator.Build.0 = Release|Any CPU
		{469C6E8C-8C03-463E-8A90-CC2B8A3D9B3D}.iOS Release|x64.ActiveCfg = Release|Any CPU
		{469C6E8C-8C03-463E-8A90-CC2B8A3D9B3D}.iOS Release|x64.Build.0 = Release|Any CPU
		{469C6E8C-8C03-463E-8A90-CC2B8A3D9B3D}.iOS Release|x86.ActiveCfg = Release|Any CPU
		{469C6E8C-8C03-463E-8A90-CC2B8A3D9B3D}.iOS Release|x86.Build.0 = Release|Any CPU
		{469C6E8C-8C03-463E-8A90-CC2B8A3D9B3D}.Release|Any CPU.ActiveCfg = Release|Any CPU
		{469C6E8C-8C03-463E-8A90-CC2B8A3D9B3D}.Release|Any CPU.Build.0 = Release|Any CPU
		{469C6E8C-8C03-463E-8A90-CC2B8A3D9B3D}.Release|ARM.ActiveCfg = Release|Any CPU
		{469C6E8C-8C03-463E-8A90-CC2B8A3D9B3D}.Release|ARM.Build.0 = Release|Any CPU
		{469C6E8C-8C03-463E-8A90-CC2B8A3D9B3D}.Release|iPhone.ActiveCfg = Release|Any CPU
		{469C6E8C-8C03-463E-8A90-CC2B8A3D9B3D}.Release|iPhone.Build.0 = Release|Any CPU
		{469C6E8C-8C03-463E-8A90-CC2B8A3D9B3D}.Release|iPhoneSimulator.ActiveCfg = Release|Any CPU
		{469C6E8C-8C03-463E-8A90-CC2B8A3D9B3D}.Release|iPhoneSimulator.Build.0 = Release|Any CPU
		{469C6E8C-8C03-463E-8A90-CC2B8A3D9B3D}.Release|x64.ActiveCfg = Release|Any CPU
		{469C6E8C-8C03-463E-8A90-CC2B8A3D9B3D}.Release|x64.Build.0 = Release|Any CPU
		{469C6E8C-8C03-463E-8A90-CC2B8A3D9B3D}.Release|x86.ActiveCfg = Release|Any CPU
		{469C6E8C-8C03-463E-8A90-CC2B8A3D9B3D}.Release|x86.Build.0 = Release|Any CPU
	EndGlobalSection
	GlobalSection(SolutionProperties) = preSolution
		HideSolutionNode = FALSE
	EndGlobalSection
	GlobalSection(NestedProjects) = preSolution
		{816E2DF1-8C9A-4FAE-BA2B-3217C99B554C} = {AE79B456-EA0C-42A7-9DA9-0DA4FD3D8239}
		{75DB46FA-E6DB-4515-97E4-4036675BAF80} = {C16790C6-A9AA-4071-98D4-67C4F9ECAE1C}
		{00308898-4A17-421F-B2DF-346CEEFF2406} = {AE79B456-EA0C-42A7-9DA9-0DA4FD3D8239}
		{469C6E8C-8C03-463E-8A90-CC2B8A3D9B3D} = {C16790C6-A9AA-4071-98D4-67C4F9ECAE1C}
	EndGlobalSection
	GlobalSection(ExtensibilityGlobals) = postSolution
		SolutionGuid = {4AD0814D-227E-4A66-9EC9-C23361CB159B}
	EndGlobalSection
	GlobalSection(SharedMSBuildProjectFiles) = preSolution
		Blade.MG.UI.Examples\Content.Shared\Content.Shared.projitems*{00308898-4a17-421f-b2df-346ceeff2406}*SharedItemsImports = 5
		Blade.MG.UI.Examples\Content.Shared\Content.Shared.projitems*{816e2df1-8c9a-4fae-ba2b-3217c99b554c}*SharedItemsImports = 5
		Blade.MG.UI.Examples\Content.Shared\Content.Shared.projitems*{fb798430-5211-4b9b-b59a-c2fde47466f3}*SharedItemsImports = 13
	EndGlobalSection
EndGlobal
